
Microsoft Visual Studio Solution File, Format Version 12.00
# Visual Studio Version 17
VisualStudioVersion = 17.0.31903.59
MinimumVisualStudioVersion = 10.0.40219.1
Project("{FAE04EC0-301F-11D3-BF4B-00C04F79EFBC}") = "ProjetoBase.Infrastructure", "ProjetoBase.Infrastructure\ProjetoBase.Infrastructure.csproj", "{F7C84C44-1EED-40B7-9930-A58EFF96E593}"
EndProject
Project("{FAE04EC0-301F-11D3-BF4B-00C04F79EFBC}") = "ProjetoBase.Api", "ProjetoBase.Api\ProjetoBase.Api.csproj", "{9298B4EE-0BFC-434C-91F7-976A78C4B1A0}"
EndProject
Project("{FAE04EC0-301F-11D3-BF4B-00C04F79EFBC}") = "ProjetoBase.Domain", "ProjetoBase.Domain\ProjetoBase.Domain.csproj", "{66E5DC22-5D64-4F80-8D61-D556DA78B6C3}"
EndProject
Global
	GlobalSection(SolutionConfigurationPlatforms) = preSolution
		Debug|Any CPU = Debug|Any CPU
		Debug|x64 = Debug|x64
		Debug|x86 = Debug|x86
		Release|Any CPU = Release|Any CPU
		Release|x64 = Release|x64
		Release|x86 = Release|x86
	EndGlobalSection
	GlobalSection(ProjectConfigurationPlatforms) = postSolution
		{F7C84C44-1EED-40B7-9930-A58EFF96E593}.Debug|Any CPU.ActiveCfg = Debug|Any CPU
		{F7C84C44-1EED-40B7-9930-A58EFF96E593}.Debug|Any CPU.Build.0 = Debug|Any CPU
		{F7C84C44-1EED-40B7-9930-A58EFF96E593}.Debug|x64.ActiveCfg = Debug|Any CPU
		{F7C84C44-1EED-40B7-9930-A58EFF96E593}.Debug|x64.Build.0 = Debug|Any CPU
		{F7C84C44-1EED-40B7-9930-A58EFF96E593}.Debug|x86.ActiveCfg = Debug|Any CPU
		{F7C84C44-1EED-40B7-9930-A58EFF96E593}.Debug|x86.Build.0 = Debug|Any CPU
		{F7C84C44-1EED-40B7-9930-A58EFF96E593}.Release|Any CPU.ActiveCfg = Release|Any CPU
		{F7C84C44-1EED-40B7-9930-A58EFF96E593}.Release|Any CPU.Build.0 = Release|Any CPU
		{F7C84C44-1EED-40B7-9930-A58EFF96E593}.Release|x64.ActiveCfg = Release|Any CPU
		{F7C84C44-1EED-40B7-9930-A58EFF96E593}.Release|x64.Build.0 = Release|Any CPU
		{F7C84C44-1EED-40B7-9930-A58EFF96E593}.Release|x86.ActiveCfg = Release|Any CPU
		{F7C84C44-1EED-40B7-9930-A58EFF96E593}.Release|x86.Build.0 = Release|Any CPU
		{9298B4EE-0BFC-434C-91F7-976A78C4B1A0}.Debug|Any CPU.ActiveCfg = Debug|Any CPU
		{9298B4EE-0BFC-434C-91F7-976A78C4B1A0}.Debug|Any CPU.Build.0 = Debug|Any CPU
		{9298B4EE-0BFC-434C-91F7-976A78C4B1A0}.Debug|x64.ActiveCfg = Debug|Any CPU
		{9298B4EE-0BFC-434C-91F7-976A78C4B1A0}.Debug|x64.Build.0 = Debug|Any CPU
		{9298B4EE-0BFC-434C-91F7-976A78C4B1A0}.Debug|x86.ActiveCfg = Debug|Any CPU
		{9298B4EE-0BFC-434C-91F7-976A78C4B1A0}.Debug|x86.Build.0 = Debug|Any CPU
		{9298B4EE-0BFC-434C-91F7-976A78C4B1A0}.Release|Any CPU.ActiveCfg = Release|Any CPU
		{9298B4EE-0BFC-434C-91F7-976A78C4B1A0}.Release|Any CPU.Build.0 = Release|Any CPU
		{9298B4EE-0BFC-434C-91F7-976A78C4B1A0}.Release|x64.ActiveCfg = Release|Any CPU
		{9298B4EE-0BFC-434C-91F7-976A78C4B1A0}.Release|x64.Build.0 = Release|Any CPU
		{9298B4EE-0BFC-434C-91F7-976A78C4B1A0}.Release|x86.ActiveCfg = Release|Any CPU
		{9298B4EE-0BFC-434C-91F7-976A78C4B1A0}.Release|x86.Build.0 = Release|Any CPU
		{66E5DC22-5D64-4F80-8D61-D556DA78B6C3}.Debug|Any CPU.ActiveCfg = Debug|Any CPU
		{66E5DC22-5D64-4F80-8D61-D556DA78B6C3}.Debug|Any CPU.Build.0 = Debug|Any CPU
		{66E5DC22-5D64-4F80-8D61-D556DA78B6C3}.Debug|x64.ActiveCfg = Debug|Any CPU
		{66E5DC22-5D64-4F80-8D61-D556DA78B6C3}.Debug|x64.Build.0 = Debug|Any CPU
		{66E5DC22-5D64-4F80-8D61-D556DA78B6C3}.Debug|x86.ActiveCfg = Debug|Any CPU
		{66E5DC22-5D64-4F80-8D61-D556DA78B6C3}.Debug|x86.Build.0 = Debug|Any CPU
		{66E5DC22-5D64-4F80-8D61-D556DA78B6C3}.Release|Any CPU.ActiveCfg = Release|Any CPU
		{66E5DC22-5D64-4F80-8D61-D556DA78B6C3}.Release|Any CPU.Build.0 = Release|Any CPU
		{66E5DC22-5D64-4F80-8D61-D556DA78B6C3}.Release|x64.ActiveCfg = Release|Any CPU
		{66E5DC22-5D64-4F80-8D61-D556DA78B6C3}.Release|x64.Build.0 = Release|Any CPU
		{66E5DC22-5D64-4F80-8D61-D556DA78B6C3}.Release|x86.ActiveCfg = Release|Any CPU
		{66E5DC22-5D64-4F80-8D61-D556DA78B6C3}.Release|x86.Build.0 = Release|Any CPU
	EndGlobalSection
	GlobalSection(SolutionProperties) = preSolution
		HideSolutionNode = FALSE
	EndGlobalSection
EndGlobal
